github.com/google/go-cmp v0.6.0 h1:ofyhxvXcZhMsU5ulbFiLKl/XBFqE1GSq7atu8tAmTRI=
github.com/google/go-cmp v0.6.0/go.mod h1:17dUlkBOakJ0+DkrSSNjCkIjxS6bF9zb3elmeNGIjoY=
github.com/mayahiro/nagi-go v0.1.2 h1:AmqT6xOUJ9ApUzw/ozkE2vhsOStTf2eBwoEUlR23gZc=
github.com/mayahiro/nagi-go v0.1.2/go.mod h1:W0QrFh6zOw8nMrddac9SRpr3W1+HXA44GZm+mtnslpM=
github.com/mayahiro/nagi-go v0.4.0 h1:S5NIPvIWy1qlGyTTaX6VMllH2pc0jAcku6YJeEu/z+M=
github.com/mayahiro/nagi-go v0.4.0/go.mod h1:W0QrFh6zOw8nMrddac9SRpr3W1+HXA44GZm+mtnslpM=
github.com/mayahiro/nagitui-go v0.1.4 h1:tG03tbu2TcbEZC8oWS2l8T5+aLiF9NZ3sTz/rnT5a68=
github.com/mayahiro/nagitui-go v0.1.4/go.mod h1:m23EPcK1Ii5QGhbOLbsVE9QHLgvif+5sWQy5gFxs57E=
github.com/mayahiro/nagitui-go v0.4.0 h1:whTOBdXvE26RHsvV9q6AYIOtDo6XrDWYKM4/nKwhxzk=
github.com/mayahiro/nagitui-go v0.4.0/go.mod h1:pBeTWKzhBc7yI+reQ8TwSpF2CaUEft1zgtH/R6UtV8A=
go.yaml.in/yaml/v4 v4.0.0-rc.6 h1:1h7H1ohdUh93/FyE4YaDa1Zh64K6VVbjF4K6WUxMtH4=
go.yaml.in/yaml/v4 v4.0.0-rc.6/go.mod h1:aZqd9kCMsGL7AuUv/m/PvWLdg5sjJsZ4oHDEnfPPfY0=
golang.org/x/mod v0.38.0 h1:MECBjubtXD7yj4HrhIUcywNaGeNVUdfVnxmPajOk4yk=
golang.org/x/mod v0.38.0/go.mod h1:V6Xz0pq8TQ3dGqVQ1FVHuelZpAL0uNhSkk9ogYP3c40=
golang.org/x/sync v0.22.0 h1:SZjpbeLmrCk4xhRSZFNZW5gFUeCeFgjekvI/+gfScek=
golang.org/x/sync v0.22.0/go.mod h1:9xrNwdLfx4jkKbNva9FpL6vEN7evnE43NNNJQ2LF3+0=
golang.org/x/sys v0.47.0 h1:o7XGOvZQCADBQQ4Y7VNq2dRWQR7JmOUW8Kxx4ZsNgWs=
golang.org/x/sys v0.47.0/go.mod h1:4GL1E5IUh+htKOUEOaiffhrAeqysfVGipDYzABqnCmw=
golang.org/x/telemetry v0.0.0-20260708182218-49f421fb7959 h1:RJhm5l6Fo4rmEIcndxDllNhhf/fAx8qIm4t6A7vpm2A=
golang.org/x/telemetry v0.0.0-20260708182218-49f421fb7959/go.mod h1:LV7u5Oco+Z/g6XI7PqN+EUUUGGkEcmB1uj2ceI0fOVg=
golang.org/x/tools v0.48.0 h1:3+hClM1aLL5mjMKm5ovokw9epgRXPuu2tILgismM6RE=
golang.org/x/tools v0.48.0/go.mod h1:08xX0orndb/F7jJxGDicx061tyd5pcMto75YMAXr6lk=
